
Microsoft Visual Studio Solution File, Format Version 12.00
# Visual Studio Version 17
VisualStudioVersion = 17.0.31903.59
MinimumVisualStudioVersion = 10.0.40219.1
Project("{2150E333-8FDC-42A3-9474-1A3956D46DE8}") = "src", "src", "{827E0CD3-B72D-47B6-A68D-7590B98EB39B}"
EndProject
Project("{FAE04EC0-301F-11D3-BF4B-00C04F79EFBC}") = "TestingExample.Website", "src\TestingExample.Website\TestingExample.Website.csproj", "{07BCB56F-FFB1-482B-BCC2-928C98D1DE4E}"
EndProject
Project("{2150E333-8FDC-42A3-9474-1A3956D46DE8}") = "test", "test", "{0C88DD14-F956-CE84-757C-A364CCF449FC}"
EndProject
Project("{FAE04EC0-301F-11D3-BF4B-00C04F79EFBC}") = "TestingExample.Website.UnitTests", "test\TestingExample.Website.UnitTests\TestingExample.Website.UnitTests.csproj", "{5BAE0075-20C7-4CDA-B45D-C309FB036BB3}"
EndProject
Project("{FAE04EC0-301F-11D3-BF4B-00C04F79EFBC}") = "TestingExample.Website.IntegrationTests", "test\TestingExample.Website.IntegrationTests\TestingExample.Website.IntegrationTests.csproj", "{0B6A2F7A-D866-4149-861F-21BCCB283B61}"
EndProject
Project("{FAE04EC0-301F-11D3-BF4B-00C04F79EFBC}") = "TestingExample.ManagementApiClient", "test\TestingExample.ManagementApiClient\TestingExample.ManagementApiClient.csproj", "{D663DE65-A3B9-4A48-8CDF-F0BF083A44DA}"
EndProject
Project("{FAE04EC0-301F-11D3-BF4B-00C04F79EFBC}") = "TestingExample.ManagementApiClient.UnitTests", "test\TestingExample.ManagementApiClient.UnitTests\TestingExample.ManagementApiClient.UnitTests.csproj", "{3C5159A5-219F-4B61-B9E8-2B9A249AA6E1}"
EndProject
Project("{FAE04EC0-301F-11D3-BF4B-00C04F79EFBC}") = "TestingExample.Website.FunctionalTests", "test\TestingExample.Website.FunctionalTests\TestingExample.Website.FunctionalTests.csproj", "{A5239CC5-F6E6-4083-BCD2-14CE45E23519}"
EndProject
Global
	GlobalSection(SolutionConfigurationPlatforms) = preSolution
		Debug|Any CPU = Debug|Any CPU
		Debug|x64 = Debug|x64
		Debug|x86 = Debug|x86
		Release|Any CPU = Release|Any CPU
		Release|x64 = Release|x64
		Release|x86 = Release|x86
	EndGlobalSection
	GlobalSection(ProjectConfigurationPlatforms) = postSolution
		{07BCB56F-FFB1-482B-BCC2-928C98D1DE4E}.Debug|Any CPU.ActiveCfg = Debug|Any CPU
		{07BCB56F-FFB1-482B-BCC2-928C98D1DE4E}.Debug|Any CPU.Build.0 = Debug|Any CPU
		{07BCB56F-FFB1-482B-BCC2-928C98D1DE4E}.Debug|x64.ActiveCfg = Debug|Any CPU
		{07BCB56F-FFB1-482B-BCC2-928C98D1DE4E}.Debug|x64.Build.0 = Debug|Any CPU
		{07BCB56F-FFB1-482B-BCC2-928C98D1DE4E}.Debug|x86.ActiveCfg = Debug|Any CPU
		{07BCB56F-FFB1-482B-BCC2-928C98D1DE4E}.Debug|x86.Build.0 = Debug|Any CPU
		{07BCB56F-FFB1-482B-BCC2-928C98D1DE4E}.Release|Any CPU.ActiveCfg = Release|Any CPU
		{07BCB56F-FFB1-482B-BCC2-928C98D1DE4E}.Release|Any CPU.Build.0 = Release|Any CPU
		{07BCB56F-FFB1-482B-BCC2-928C98D1DE4E}.Release|x64.ActiveCfg = Release|Any CPU
		{07BCB56F-FFB1-482B-BCC2-928C98D1DE4E}.Release|x64.Build.0 = Release|Any CPU
		{07BCB56F-FFB1-482B-BCC2-928C98D1DE4E}.Release|x86.ActiveCfg = Release|Any CPU
		{07BCB56F-FFB1-482B-BCC2-928C98D1DE4E}.Release|x86.Build.0 = Release|Any CPU
		{5BAE0075-20C7-4CDA-B45D-C309FB036BB3}.Debug|Any CPU.ActiveCfg = Debug|Any CPU
		{5BAE0075-20C7-4CDA-B45D-C309FB036BB3}.Debug|Any CPU.Build.0 = Debug|Any CPU
		{5BAE0075-20C7-4CDA-B45D-C309FB036BB3}.Debug|x64.ActiveCfg = Debug|Any CPU
		{5BAE0075-20C7-4CDA-B45D-C309FB036BB3}.Debug|x64.Build.0 = Debug|Any CPU
		{5BAE0075-20C7-4CDA-B45D-C309FB036BB3}.Debug|x86.ActiveCfg = Debug|Any CPU
		{5BAE0075-20C7-4CDA-B45D-C309FB036BB3}.Debug|x86.Build.0 = Debug|Any CPU
		{5BAE0075-20C7-4CDA-B45D-C309FB036BB3}.Release|Any CPU.ActiveCfg = Release|Any CPU
		{5BAE0075-20C7-4CDA-B45D-C309FB036BB3}.Release|Any CPU.Build.0 = Release|Any CPU
		{5BAE0075-20C7-4CDA-B45D-C309FB036BB3}.Release|x64.ActiveCfg = Release|Any CPU
		{5BAE0075-20C7-4CDA-B45D-C309FB036BB3}.Release|x64.Build.0 = Release|Any CPU
		{5BAE0075-20C7-4CDA-B45D-C309FB036BB3}.Release|x86.ActiveCfg = Release|Any CPU
		{5BAE0075-20C7-4CDA-B45D-C309FB036BB3}.Release|x86.Build.0 = Release|Any CPU
		{0B6A2F7A-D866-4149-861F-21BCCB283B61}.Debug|Any CPU.ActiveCfg = Debug|Any CPU
		{0B6A2F7A-D866-4149-861F-21BCCB283B61}.Debug|Any CPU.Build.0 = Debug|Any CPU
		{0B6A2F7A-D866-4149-861F-21BCCB283B61}.Debug|x64.ActiveCfg = Debug|Any CPU
		{0B6A2F7A-D866-4149-861F-21BCCB283B61}.Debug|x64.Build.0 = Debug|Any CPU
		{0B6A2F7A-D866-4149-861F-21BCCB283B61}.Debug|x86.ActiveCfg = Debug|Any CPU
		{0B6A2F7A-D866-4149-861F-21BCCB283B61}.Debug|x86.Build.0 = Debug|Any CPU
		{0B6A2F7A-D866-4149-861F-21BCCB283B61}.Release|Any CPU.ActiveCfg = Release|Any CPU
		{0B6A2F7A-D866-4149-861F-21BCCB283B61}.Release|Any CPU.Build.0 = Release|Any CPU
		{0B6A2F7A-D866-4149-861F-21BCCB283B61}.Release|x64.ActiveCfg = Release|Any CPU
		{0B6A2F7A-D866-4149-861F-21BCCB283B61}.Release|x64.Build.0 = Release|Any CPU
		{0B6A2F7A-D866-4149-861F-21BCCB283B61}.Release|x86.ActiveCfg = Release|Any CPU
		{0B6A2F7A-D866-4149-861F-21BCCB283B61}.Release|x86.Build.0 = Release|Any CPU
		{D663DE65-A3B9-4A48-8CDF-F0BF083A44DA}.Debug|Any CPU.ActiveCfg = Debug|Any CPU
		{D663DE65-A3B9-4A48-8CDF-F0BF083A44DA}.Debug|Any CPU.Build.0 = Debug|Any CPU
		{D663DE65-A3B9-4A48-8CDF-F0BF083A44DA}.Debug|x64.ActiveCfg = Debug|Any CPU
		{D663DE65-A3B9-4A48-8CDF-F0BF083A44DA}.Debug|x64.Build.0 = Debug|Any CPU
		{D663DE65-A3B9-4A48-8CDF-F0BF083A44DA}.Debug|x86.ActiveCfg = Debug|Any CPU
		{D663DE65-A3B9-4A48-8CDF-F0BF083A44DA}.Debug|x86.Build.0 = Debug|Any CPU
		{D663DE65-A3B9-4A48-8CDF-F0BF083A44DA}.Release|Any CPU.ActiveCfg = Release|Any CPU
		{D663DE65-A3B9-4A48-8CDF-F0BF083A44DA}.Release|Any CPU.Build.0 = Release|Any CPU
		{D663DE65-A3B9-4A48-8CDF-F0BF083A44DA}.Release|x64.ActiveCfg = Release|Any CPU
		{D663DE65-A3B9-4A48-8CDF-F0BF083A44DA}.Release|x64.Build.0 = Release|Any CPU
		{D663DE65-A3B9-4A48-8CDF-F0BF083A44DA}.Release|x86.ActiveCfg = Release|Any CPU
		{D663DE65-A3B9-4A48-8CDF-F0BF083A44DA}.Release|x86.Build.0 = Release|Any CPU
		{3C5159A5-219F-4B61-B9E8-2B9A249AA6E1}.Debug|Any CPU.ActiveCfg = Debug|Any CPU
		{3C5159A5-219F-4B61-B9E8-2B9A249AA6E1}.Debug|Any CPU.Build.0 = Debug|Any CPU
		{3C5159A5-219F-4B61-B9E8-2B9A249AA6E1}.Debug|x64.ActiveCfg = Debug|Any CPU
		{3C5159A5-219F-4B61-B9E8-2B9A249AA6E1}.Debug|x64.Build.0 = Debug|Any CPU
		{3C5159A5-219F-4B61-B9E8-2B9A249AA6E1}.Debug|x86.ActiveCfg = Debug|Any CPU
		{3C5159A5-219F-4B61-B9E8-2B9A249AA6E1}.Debug|x86.Build.0 = Debug|Any CPU
		{3C5159A5-219F-4B61-B9E8-2B9A249AA6E1}.Release|Any CPU.ActiveCfg = Release|Any CPU
		{3C5159A5-219F-4B61-B9E8-2B9A249AA6E1}.Release|Any CPU.Build.0 = Release|Any CPU
		{3C5159A5-219F-4B61-B9E8-2B9A249AA6E1}.Release|x64.ActiveCfg = Release|Any CPU
		{3C5159A5-219F-4B61-B9E8-2B9A249AA6E1}.Release|x64.Build.0 = Release|Any CPU
		{3C5159A5-219F-4B61-B9E8-2B9A249AA6E1}.Release|x86.ActiveCfg = Release|Any CPU
		{3C5159A5-219F-4B61-B9E8-2B9A249AA6E1}.Release|x86.Build.0 = Release|Any CPU
		{A5239CC5-F6E6-4083-BCD2-14CE45E23519}.Debug|Any CPU.ActiveCfg = Debug|Any CPU
		{A5239CC5-F6E6-4083-BCD2-14CE45E23519}.Debug|Any CPU.Build.0 = Debug|Any CPU
		{A5239CC5-F6E6-4083-BCD2-14CE45E23519}.Debug|x64.ActiveCfg = Debug|Any CPU
		{A5239CC5-F6E6-4083-BCD2-14CE45E23519}.Debug|x64.Build.0 = Debug|Any CPU
		{A5239CC5-F6E6-4083-BCD2-14CE45E23519}.Debug|x86.ActiveCfg = Debug|Any CPU
		{A5239CC5-F6E6-4083-BCD2-14CE45E23519}.Debug|x86.Build.0 = Debug|Any CPU
		{A5239CC5-F6E6-4083-BCD2-14CE45E23519}.Release|Any CPU.ActiveCfg = Release|Any CPU
		{A5239CC5-F6E6-4083-BCD2-14CE45E23519}.Release|Any CPU.Build.0 = Release|Any CPU
		{A5239CC5-F6E6-4083-BCD2-14CE45E23519}.Release|x64.ActiveCfg = Release|Any CPU
		{A5239CC5-F6E6-4083-BCD2-14CE45E23519}.Release|x64.Build.0 = Release|Any CPU
		{A5239CC5-F6E6-4083-BCD2-14CE45E23519}.Release|x86.ActiveCfg = Release|Any CPU
		{A5239CC5-F6E6-4083-BCD2-14CE45E23519}.Release|x86.Build.0 = Release|Any CPU
	EndGlobalSection
	GlobalSection(SolutionProperties) = preSolution
		HideSolutionNode = FALSE
	EndGlobalSection
	GlobalSection(NestedProjects) = preSolution
		{07BCB56F-FFB1-482B-BCC2-928C98D1DE4E} = {827E0CD3-B72D-47B6-A68D-7590B98EB39B}
		{5BAE0075-20C7-4CDA-B45D-C309FB036BB3} = {0C88DD14-F956-CE84-757C-A364CCF449FC}
		{0B6A2F7A-D866-4149-861F-21BCCB283B61} = {0C88DD14-F956-CE84-757C-A364CCF449FC}
		{D663DE65-A3B9-4A48-8CDF-F0BF083A44DA} = {0C88DD14-F956-CE84-757C-A364CCF449FC}
		{3C5159A5-219F-4B61-B9E8-2B9A249AA6E1} = {0C88DD14-F956-CE84-757C-A364CCF449FC}
		{A5239CC5-F6E6-4083-BCD2-14CE45E23519} = {0C88DD14-F956-CE84-757C-A364CCF449FC}
	EndGlobalSection
EndGlobal
